
Microsoft Visual Studio Solution File, Format Version 12.00
# Visual Studio 14
VisualStudioVersion = 14.0.25420.1
MinimumVisualStudioVersion = 10.0.40219.1
Project("{FAE04EC0-301F-11D3-BF4B-00C04F79EFBC}") = "N3PR_WPFclient", "N3PR_WPFclient.csproj", "{064134F5-35BA-4273-9110-AF7099546DE1}"
EndProject
Project("{FAE04EC0-301F-11D3-BF4B-00C04F79EFBC}") = "NModbus4", "..\NModbus4\NModbus4\NModbus4.csproj", "{4029EAD3-EC74-459C-9CB9-E7334F1B0679}"
EndProject
Global
	GlobalSection(SolutionConfigurationPlatforms) = preSolution
		Debug|Any CPU = Debug|Any CPU
		Release|Any CPU = Release|Any CPU
	EndGlobalSection
	GlobalSection(ProjectConfigurationPlatforms) = postSolution
		{064134F5-35BA-4273-9110-AF7099546DE1}.Debug|Any CPU.ActiveCfg = Debug|Any CPU
		{064134F5-35BA-4273-9110-AF7099546DE1}.Debug|Any CPU.Build.0 = Debug|Any CPU
		{064134F5-35BA-4273-9110-AF7099546DE1}.Release|Any CPU.ActiveCfg = Release|Any CPU
		{064134F5-35BA-4273-9110-AF7099546DE1}.Release|Any CPU.Build.0 = Release|Any CPU
		{4029EAD3-EC74-459C-9CB9-E7334F1B0679}.Debug|Any CPU.ActiveCfg = Debug|Any CPU
		{4029EAD3-EC74-459C-9CB9-E7334F1B0679}.Debug|Any CPU.Build.0 = Debug|Any CPU
		{4029EAD3-EC74-459C-9CB9-E7334F1B0679}.Release|Any CPU.ActiveCfg = Release|Any CPU
		{4029EAD3-EC74-459C-9CB9-E7334F1B0679}.Release|Any CPU.Build.0 = Release|Any CPU
	EndGlobalSection
	GlobalSection(SolutionProperties) = preSolution
		HideSolutionNode = FALSE
	EndGlobalSection
EndGlobal
